{
  "lockfileVersion": 1,
  "configVersion": 0,
  "workspaces": {
    "": {
      "name": "playwright-parameterized-user-example",
      "dependencies": {
        "arktype": "catalog:",
        "playwright": "catalog:",
      },
      "devDependencies": {
        "@biomejs/biome": "catalog:",
        "@playwright/test": "catalog:",
        "@types/bun": "catalog:",
      },
      "peerDependencies": {
        "@typescript/native-preview": "^7.0.0-dev.20251124.1",
      },
    },
    "dashboard": {
      "name": "@monorepo/dashboard",
      "dependencies": {
        "@monorepo/utils": "workspace:*",
      },
      "devDependencies": {
        "@biomejs/biome": "catalog:",
        "@playwright/test": "catalog:",
        "@types/node": "catalog:",
      },
      "peerDependencies": {
        "@typescript/native-preview": "catalog:",
      },
    },
    "demo-app": {
      "name": "@monorepo/demo-app",
      "dependencies": {
        "@monorepo/utils": "workspace:*",
      },
      "devDependencies": {
        "@biomejs/biome": "catalog:",
        "@types/bun": "catalog:",
      },
      "peerDependencies": {
        "@typescript/native-preview": "catalog:",
      },
    },
    "e2e": {
      "name": "@monorepo/e2e",
      "dependencies": {
        "@monorepo/utils": "workspace:*",
      },
      "devDependencies": {
        "@biomejs/biome": "catalog:",
        "@playwright/test": "catalog:",
        "@types/bun": "catalog:",
      },
      "peerDependencies": {
        "@typescript/native-preview": "catalog:",
      },
    },
    "utils": {
      "name": "@monorepo/utils",
      "version": "1.0.0",
      "devDependencies": {
        "@biomejs/biome": "catalog:",
        "@types/bun": "catalog:",
      },
      "peerDependencies": {
        "@typescript/native-preview": "catalog:",
      },
    },
  },
  "trustedDependencies": [
    "@typescript/native-preview",
  ],
  "catalog": {
    "@biomejs/biome": "^2.3.6",
    "@playwright/test": "^1.56.1",
    "@types/bun": "^1.3.2",
    "@types/node": "^24.10.1",
    "@typescript/native-preview": "^7.0.0-dev.20251117.1",
    "arktype": "^2.1.27",
    "playwright": "^1.56.1",
  },
  "packages": {
    "@ark/schema": ["@ark/schema@0.55.0", "", { "dependencies": { "@ark/util": "0.55.0" } }, "sha512-IlSIc0FmLKTDGr4I/FzNHauMn0MADA6bCjT1wauu4k6MyxhC1R9gz0olNpIRvK7lGGDwtc/VO0RUDNvVQW5WFg=="],

    "@ark/util": ["@ark/util@0.55.0", "", {}, "sha512-aWFNK7aqSvqFtVsl1xmbTjGbg91uqtJV7Za76YGNEwIO4qLjMfyY8flmmbhooYMuqPCO2jyxu8hve943D+w3bA=="],

    "@biomejs/biome": ["@biomejs/biome@2.3.7", "", { "optionalDependencies": { "@biomejs/cli-darwin-arm64": "2.3.7", "@biomejs/cli-darwin-x64": "2.3.7", "@biomejs/cli-linux-arm64": "2.3.7", "@biomejs/cli-linux-arm64-musl": "2.3.7", "@biomejs/cli-linux-x64": "2.3.7", "@biomejs/cli-linux-x64-musl": "2.3.7", "@biomejs/cli-win32-arm64": "2.3.7", "@biomejs/cli-win32-x64": "2.3.7" }, "bin": { "biome": "bin/biome" } }, "sha512-CTbAS/jNAiUc6rcq94BrTB8z83O9+BsgWj2sBCQg9rD6Wkh2gjfR87usjx0Ncx0zGXP1NKgT7JNglay5Zfs9jw=="],

    "@biomejs/cli-darwin-arm64": ["@biomejs/cli-darwin-arm64@2.3.7", "", { "os": "darwin", "cpu": "arm64" }, "sha512-LirkamEwzIUULhXcf2D5b+NatXKeqhOwilM+5eRkbrnr6daKz9rsBL0kNZ16Hcy4b8RFq22SG4tcLwM+yx/wFA=="],

    "@biomejs/cli-darwin-x64": ["@biomejs/cli-darwin-x64@2.3.7", "", { "os": "darwin", "cpu": "x64" }, "sha512-Q4TO633kvrMQkKIV7wmf8HXwF0dhdTD9S458LGE24TYgBjSRbuhvio4D5eOQzirEYg6eqxfs53ga/rbdd8nBKg=="],

    "@biomejs/cli-linux-arm64": ["@biomejs/cli-linux-arm64@2.3.7", "", { "os": "linux", "cpu": "arm64" }, "sha512-inHOTdlstUBzgjDcx0ge71U4SVTbwAljmkfi3MC5WzsYCRhancqfeL+sa4Ke6v2ND53WIwCFD5hGsYExoI3EZQ=="],

    "@biomejs/cli-linux-arm64-musl": ["@biomejs/cli-linux-arm64-musl@2.3.7", "", { "os": "linux", "cpu": "arm64" }, "sha512-/afy8lto4CB8scWfMdt+NoCZtatBUF62Tk3ilWH2w8ENd5spLhM77zKlFZEvsKJv9AFNHknMl03zO67CiklL2Q=="],

    "@biomejs/cli-linux-x64": ["@biomejs/cli-linux-x64@2.3.7", "", { "os": "linux", "cpu": "x64" }, "sha512-fJMc3ZEuo/NaMYo5rvoWjdSS5/uVSW+HPRQujucpZqm2ZCq71b8MKJ9U4th9yrv2L5+5NjPF0nqqILCl8HY/fg=="],

    "@biomejs/cli-linux-x64-musl": ["@biomejs/cli-linux-x64-musl@2.3.7", "", { "os": "linux", "cpu": "x64" }, "sha512-CQUtgH1tIN6e5wiYSJqzSwJumHYolNtaj1dwZGCnZXm2PZU1jOJof9TsyiP3bXNDb+VOR7oo7ZvY01If0W3iFQ=="],

    "@biomejs/cli-win32-arm64": ["@biomejs/cli-win32-arm64@2.3.7", "", { "os": "win32", "cpu": "arm64" }, "sha512-aJAE8eCNyRpcfx2JJAtsPtISnELJ0H4xVVSwnxm13bzI8RwbXMyVtxy2r5DV1xT3WiSP+7LxORcApWw0LM8HiA=="],

    "@biomejs/cli-win32-x64": ["@biomejs/cli-win32-x64@2.3.7", "", { "os": "win32", "cpu": "x64" }, "sha512-pulzUshqv9Ed//MiE8MOUeeEkbkSHVDVY5Cz5wVAnH1DUqliCQG3j6s1POaITTFqFfo7AVIx2sWdKpx/GS+Nqw=="],

    "@monorepo/dashboard": ["@monorepo/dashboard@workspace:dashboard"],

    "@monorepo/demo-app": ["@monorepo/demo-app@workspace:demo-app"],

    "@monorepo/e2e": ["@monorepo/e2e@workspace:e2e"],

    "@monorepo/utils": ["@monorepo/utils@workspace:utils"],

    "@playwright/test": ["@playwright/test@1.56.1", "", { "dependencies": { "playwright": "1.56.1" }, "bin": { "playwright": "cli.js" } }, "sha512-vSMYtL/zOcFpvJCW71Q/OEGQb7KYBPAdKh35WNSkaZA75JlAO8ED8UN6GUNTm3drWomcbcqRPFqQbLae8yBTdg=="],

    "@types/bun": ["@types/bun@1.3.3", "", { "dependencies": { "bun-types": "1.3.3" } }, "sha512-ogrKbJ2X5N0kWLLFKeytG0eHDleBYtngtlbu9cyBKFtNL3cnpDZkNdQj8flVf6WTZUX5ulI9AY1oa7ljhSrp+g=="],

    "@types/node": ["@types/node@24.10.1", "", { "dependencies": { "undici-types": "~7.16.0" } }, "sha512-GNWcUTRBgIRJD5zj+Tq0fKOJ5XZajIiBroOF0yvj2bSU1WvNdYS/dn9UxwsujGW4JX06dnHyjV2y9rRaybH0iQ=="],

    "@typescript/native-preview": ["@typescript/native-preview@7.0.0-dev.20251124.1", "", { "optionalDependencies": { "@typescript/native-preview-darwin-arm64": "7.0.0-dev.20251124.1", "@typescript/native-preview-darwin-x64": "7.0.0-dev.20251124.1", "@typescript/native-preview-linux-arm": "7.0.0-dev.20251124.1", "@typescript/native-preview-linux-arm64": "7.0.0-dev.20251124.1", "@typescript/native-preview-linux-x64": "7.0.0-dev.20251124.1", "@typescript/native-preview-win32-arm64": "7.0.0-dev.20251124.1", "@typescript/native-preview-win32-x64": "7.0.0-dev.20251124.1" }, "bin": { "tsgo": "bin/tsgo.js" } }, "sha512-mDdN4nVZJy6n4P9Z7LnLhBnQ8MibQKtZ2LnLz7ggv9TFTTAIuCquoJdWIp636i9MmVmbaYEKKeK+7w4F/7dvzw=="],

    "@typescript/native-preview-darwin-arm64": ["@typescript/native-preview-darwin-arm64@7.0.0-dev.20251124.1", "", { "os": "darwin", "cpu": "arm64" }, "sha512-g9B61A+90UumecYvTC+dPCw3NRYUB04QV8Svht9iK0LGjOVCzzr+2FjBSl/k6Q31DADuJ9oXUPDLqzWbcpWP7g=="],

    "@typescript/native-preview-darwin-x64": ["@typescript/native-preview-darwin-x64@7.0.0-dev.20251124.1", "", { "os": "darwin", "cpu": "x64" }, "sha512-QT1hqb9b0eUVQUwMsbKH/xf3YBFX9HQlmq1dqLfHThWYkP4Npc0Aaxv0XS4cynXa5ipf56UPWOs/sikpEI1rzQ=="],

    "@typescript/native-preview-linux-arm": ["@typescript/native-preview-linux-arm@7.0.0-dev.20251124.1", "", { "os": "linux", "cpu": "arm" }, "sha512-eKi6S+dSLJhjO3RmTl7VYD4Has0FTWcAqF4i/LAifoPEN69wlKs6Eq4JIEa/8jG5zL7RwuA/VRZ3iLeLmKTpGA=="],

    "@typescript/native-preview-linux-arm64": ["@typescript/native-preview-linux-arm64@7.0.0-dev.20251124.1", "", { "os": "linux", "cpu": "arm64" }, "sha512-79F9QMy9g4GhNcLG8cMCn7rVqHYEJ/AG1qbiaY0u1Egx5Nh4CekJzanS0sO6tLdjqdzrnA7zXpL7NrqrpAxpMQ=="],

    "@typescript/native-preview-linux-x64": ["@typescript/native-preview-linux-x64@7.0.0-dev.20251124.1", "", { "os": "linux", "cpu": "x64" }, "sha512-ShiiA0Uf4M6WWyQAur+G7AJWz3KDz6egpt89G4dL2vV/fDY2Hm+wSBBU79MFXHV5J0dCPHI+EQdiB4Z6IUyf1Q=="],

    "@typescript/native-preview-win32-arm64": ["@typescript/native-preview-win32-arm64@7.0.0-dev.20251124.1", "", { "os": "win32", "cpu": "arm64" }, "sha512-ElJw29hI4MKfIj5kanEjaKHeJomutI0Jh7+r5BU+zW4R6NtMTHmSFRAafyGkfpDHG8YI5cmJmbmcao9CRjRAhQ=="],

    "@typescript/native-preview-win32-x64": ["@typescript/native-preview-win32-x64@7.0.0-dev.20251124.1", "", { "os": "win32", "cpu": "x64" }, "sha512-hY0y5VQRg9ZXcxc/NH1L/YIpegZgwuDUc72SxjLXq20ZavOuec+Z1vIQK6La5qTJylGy/XgfNk5dpQsSW2HvwQ=="],

    "arkregex": ["arkregex@0.0.3", "", { "dependencies": { "@ark/util": "0.55.0" } }, "sha512-bU21QJOJEFJK+BPNgv+5bVXkvRxyAvgnon75D92newgHxkBJTgiFwQxusyViYyJkETsddPlHyspshDQcCzmkNg=="],

    "arktype": ["arktype@2.1.27", "", { "dependencies": { "@ark/schema": "0.55.0", "@ark/util": "0.55.0", "arkregex": "0.0.3" } }, "sha512-enctOHxI4SULBv/TDtCVi5M8oLd4J5SVlPUblXDzSsOYQNMzmVbUosGBnJuZDKmFlN5Ie0/QVEuTE+Z5X1UhsQ=="],

    "bun-types": ["bun-types@1.3.3", "", { "dependencies": { "@types/node": "*" } }, "sha512-z3Xwlg7j2l9JY27x5Qn3Wlyos8YAp0kKRlrePAOjgjMGS5IG6E7Jnlx736vH9UVI4wUICwwhC9anYL++XeOgTQ=="],

    "fsevents": ["fsevents@2.3.2", "", { "os": "darwin" }, "sha512-xiqMQR4xAeHTuB9uWm+fFRcIOgKBMiOBP+eXiyT7jsgVCq1bkVygt00oASowB7EdtpOHaaPgKt812P9ab+DDKA=="],

    "playwright": ["playwright@1.56.1", "", { "dependencies": { "playwright-core": "1.56.1" }, "optionalDependencies": { "fsevents": "2.3.2" }, "bin": { "playwright": "cli.js" } }, "sha512-aFi5B0WovBHTEvpM3DzXTUaeN6eN0qWnTkKx4NQaH4Wvcmc153PdaY2UBdSYKaGYw+UyWXSVyxDUg5DoPEttjw=="],

    "playwright-core": ["playwright-core@1.56.1", "", { "bin": { "playwright-core": "cli.js" } }, "sha512-hutraynyn31F+Bifme+Ps9Vq59hKuUCz7H1kDOcBs+2oGguKkWTU50bBWrtz34OUWmIwpBTWDxaRPXrIXkgvmQ=="],

    "undici-types": ["undici-types@7.16.0", "", {}, "sha512-Zz+aZWSj8LE6zoxD+xrjh4VfkIG8Ya6LvYkZqtUQGJPZjYl53ypCaUwWqo7eI0x66KBGeRo+mlBEkMSeSZ38Nw=="],
  }
}
